
Microsoft Visual Studio Solution File, Format Version 12.00
# Visual Studio Version 17
VisualStudioVersion = 17.9.34728.123
MinimumVisualStudioVersion = 10.0.40219.1
Project("{2150E333-8FDC-42A3-9474-1A3956D46DE8}") = "FrontEnd", "FrontEnd", "{2892BB57-641E-456A-9DB6-4DE97722FFBE}"
EndProject
Project("{2150E333-8FDC-42A3-9474-1A3956D46DE8}") = "Services", "Services", "{56EF3161-C2F6-4E7B-AB7E-19CFD6408B0B}"
EndProject
Project("{FAE04EC0-301F-11D3-BF4B-00C04F79EFBC}") = "GeekShopping.Web", "GeekShopping.Web\GeekShopping.Web.csproj", "{0AE7E62F-9EF8-4CB4-91B7-ECE365354093}"
EndProject
Project("{FAE04EC0-301F-11D3-BF4B-00C04F79EFBC}") = "GeekShopping.ProductsApi", "GeekShopping.ProductsApi\GeekShopping.ProductsApi.csproj", "{66F86E0E-6790-43F1-A171-193BB3BDA56B}"
EndProject
Global
	GlobalSection(SolutionConfigurationPlatforms) = preSolution
		Debug|Any CPU = Debug|Any CPU
		Release|Any CPU = Release|Any CPU
	EndGlobalSection
	GlobalSection(ProjectConfigurationPlatforms) = postSolution
		{0AE7E62F-9EF8-4CB4-91B7-ECE365354093}.Debug|Any CPU.ActiveCfg = Debug|Any CPU
		{0AE7E62F-9EF8-4CB4-91B7-ECE365354093}.Debug|Any CPU.Build.0 = Debug|Any CPU
		{0AE7E62F-9EF8-4CB4-91B7-ECE365354093}.Release|Any CPU.ActiveCfg = Release|Any CPU
		{0AE7E62F-9EF8-4CB4-91B7-ECE365354093}.Release|Any CPU.Build.0 = Release|Any CPU
		{66F86E0E-6790-43F1-A171-193BB3BDA56B}.Debug|Any CPU.ActiveCfg = Debug|Any CPU
		{66F86E0E-6790-43F1-A171-193BB3BDA56B}.Debug|Any CPU.Build.0 = Debug|Any CPU
		{66F86E0E-6790-43F1-A171-193BB3BDA56B}.Release|Any CPU.ActiveCfg = Release|Any CPU
		{66F86E0E-6790-43F1-A171-193BB3BDA56B}.Release|Any CPU.Build.0 = Release|Any CPU
	EndGlobalSection
	GlobalSection(SolutionProperties) = preSolution
		HideSolutionNode = FALSE
	EndGlobalSection
	GlobalSection(NestedProjects) = preSolution
		{0AE7E62F-9EF8-4CB4-91B7-ECE365354093} = {2892BB57-641E-456A-9DB6-4DE97722FFBE}
		{66F86E0E-6790-43F1-A171-193BB3BDA56B} = {56EF3161-C2F6-4E7B-AB7E-19CFD6408B0B}
	EndGlobalSection
	GlobalSection(ExtensibilityGlobals) = postSolution
		SolutionGuid = {974E0260-8147-47DC-B1BD-04045F426556}
	EndGlobalSection
EndGlobal
